dependencies:
- name: cluster-autoscaler
  repository: https://kubernetes.github.io/autoscaler
  version: 9.43.0
- name: aws-ebs-csi-driver
  repository: https://kubernetes-sigs.github.io/aws-ebs-csi-driver
  version: 2.35.1
- name: aws-load-balancer-controller
  repository: https://aws.github.io/eks-charts
  version: 1.9.0
digest: sha256:032db050cbfa452588abf4531b80aedcd90c22e5427cd8a6fba14c4f6dd334ff
generated: "2024-10-07T09:14:54.838480599-07:00"
